{
  "version": 4,
  "terraform_version": "1.4.5",
  "serial": 682,
  "lineage": "89bfcd95-bf94-7e5d-d08b-3ba054f5dc1b",
  "outputs": {
    "access_key": {
      "value": "AKIAXB67BCSUBVAFEGQZ",
      "type": "string",
      "sensitive": true
    },
    "secret_key": {
      "value": "cIMJyKTDkLOQYIHDYzQBS7D1kdweYQUg8Ok9t6G6",
      "type": "string",
      "sensitive": true
    }
  },
  "resources": [
    {
      "mode": "managed",
      "type": "aws_iam_access_key",
      "name": "name",
      "provider": "provider[\"registry.terraform.io/hashicorp/aws\"]",
      "instances": [
        {
          "schema_version": 0,
          "attributes": {
            "create_date": "2023-05-04T10:26:01Z",
            "encrypted_secret": null,
            "encrypted_ses_smtp_password_v4": null,
            "id": "AKIAXB67BCSUBVAFEGQZ",
            "key_fingerprint": null,
            "pgp_key": null,
            "secret": "cIMJyKTDkLOQYIHDYzQBS7D1kdweYQUg8Ok9t6G6",
            "ses_smtp_password_v4": "BM1ha+bbjEyeWKUui7TdTKq9rfgV5RdczLl/RrYvpr/w",
            "status": "Active",
            "user": "Tech"
          },
          "sensitive_attributes": [],
          "private": "bnVsbA==",
          "dependencies": [
            "aws_iam_user.techUser"
          ]
        }
      ]
    },
    {
      "mode": "managed",
      "type": "aws_iam_policy",
      "name": "techUserPolicyEc2",
      "provider": "provider[\"registry.terraform.io/hashicorp/aws\"]",
      "instances": [
        {
          "schema_version": 0,
          "attributes": {
            "arn": "arn:aws:iam::485262169256:policy/webhostingEC2policy",
            "description": "Web Hosting EC2 Policy",
            "id": "arn:aws:iam::485262169256:policy/webhostingEC2policy",
            "name": "webhostingEC2policy",
            "name_prefix": "",
            "path": "/",
            "policy": "{\"Statement\":[{\"Action\":\"ec2:*\",\"Effect\":\"Allow\",\"Resource\":\"*\"},{\"Action\":\"elasticloadbalancing:*\",\"Effect\":\"Allow\",\"Resource\":\"*\"},{\"Action\":\"cloudwatch:*\",\"Effect\":\"Allow\",\"Resource\":\"*\"},{\"Action\":\"autoscaling:*\",\"Effect\":\"Allow\",\"Resource\":\"*\"},{\"Action\":\"iam:CreateServiceLinkedRole\",\"Condition\":{\"StringEquals\":{\"iam:AWSServiceName\":[\"autoscaling.amazonaws.com\",\"ec2scheduled.amazonaws.com\",\"elasticloadbalancing.amazonaws.com\",\"spot.amazonaws.com\",\"spotfleet.amazonaws.com\",\"transitgateway.amazonaws.com\"]}},\"Effect\":\"Allow\",\"Resource\":\"*\"}],\"Version\":\"2012-10-17\"}",
            "policy_id": "ANPAXB67BCSULAQLQXZGN",
            "tags": null,
            "tags_all": {}
          },
          "sensitive_attributes": [],
          "private": "bnVsbA=="
        }
      ]
    },
    {
      "mode": "managed",
      "type": "aws_iam_policy",
      "name": "techUserPolicyLb",
      "provider": "provider[\"registry.terraform.io/hashicorp/aws\"]",
      "instances": [
        {
          "schema_version": 0,
          "attributes": {
            "arn": "arn:aws:iam::485262169256:policy/webhostinglbpolicy",
            "description": "Web Hosting lb Policy",
            "id": "arn:aws:iam::485262169256:policy/webhostinglbpolicy",
            "name": "webhostinglbpolicy",
            "name_prefix": "",
            "path": "/",
            "policy": "{\"Statement\":[{\"Action\":\"elasticloadbalancing:*\",\"Effect\":\"Allow\",\"Resource\":\"*\"},{\"Action\":[\"ec2:DescribeAccountAttributes\",\"ec2:DescribeAddresses\",\"ec2:DescribeInternetGateways\",\"ec2:DescribeSecurityGroups\",\"ec2:DescribeSubnets\",\"ec2:DescribeVpcs\",\"ec2:DescribeVpcClassicLink\",\"ec2:DescribeInstances\",\"ec2:DescribeNetworkInterfaces\",\"ec2:DescribeClassicLinkInstances\",\"ec2:DescribeRouteTables\",\"ec2:DescribeCoipPools\",\"ec2:GetCoipPoolUsage\",\"ec2:DescribeVpcPeeringConnections\",\"cognito-idp:DescribeUserPoolClient\"],\"Effect\":\"Allow\",\"Resource\":\"*\"},{\"Action\":\"iam:CreateServiceLinkedRole\",\"Condition\":{\"StringEquals\":{\"iam:AWSServiceName\":\"elasticloadbalancing.amazonaws.com\"}},\"Effect\":\"Allow\",\"Resource\":\"*\"},{\"Action\":\"arc-zonal-shift:*\",\"Effect\":\"Allow\",\"Resource\":\"arn:aws:elasticloadbalancing:*:*:loadbalancer/*\"},{\"Action\":[\"arc-zonal-shift:ListManagedResources\",\"arc-zonal-shift:ListZonalShifts\"],\"Effect\":\"Allow\",\"Resource\":\"*\"}],\"Version\":\"2012-10-17\"}",
            "policy_id": "ANPAXB67BCSUKMOCIQEM4",
            "tags": null,
            "tags_all": {}
          },
          "sensitive_attributes": [],
          "private": "bnVsbA=="
        }
      ]
    },
    {
      "mode": "managed",
      "type": "aws_iam_user",
      "name": "techUser",
      "provider": "provider[\"registry.terraform.io/hashicorp/aws\"]",
      "instances": [
        {
          "schema_version": 0,
          "attributes": {
            "arn": "arn:aws:iam::485262169256:user/Tech",
            "force_destroy": true,
            "id": "Tech",
            "name": "Tech",
            "path": "/",
            "permissions_boundary": null,
            "tags": null,
            "tags_all": {},
            "unique_id": "AIDAXB67BCSUIP2BJIXIY"
          },
          "sensitive_attributes": [],
          "private": "bnVsbA=="
        }
      ]
    },
    {
      "mode": "managed",
      "type": "aws_iam_user_login_profile",
      "name": "techUserLogin",
      "provider": "provider[\"registry.terraform.io/hashicorp/aws\"]",
      "instances": [
        {
          "schema_version": 0,
          "attributes": {
            "encrypted_password": null,
            "id": "Tech",
            "key_fingerprint": null,
            "password": "hm}s(|DIAD_eLxIH7@@q",
            "password_length": 20,
            "password_reset_required": null,
            "pgp_key": null,
            "user": "Tech"
          },
          "sensitive_attributes": [],
          "private": "bnVsbA==",
          "dependencies": [
            "aws_iam_user.techUser"
          ]
        }
      ]
    },
    {
      "mode": "managed",
      "type": "aws_iam_user_policy_attachment",
      "name": "techUserPolicyEc2Attachment",
      "provider": "provider[\"registry.terraform.io/hashicorp/aws\"]",
      "instances": [
        {
          "schema_version": 0,
          "attributes": {
            "id": "Tech-20230504102559309300000002",
            "policy_arn": "arn:aws:iam::485262169256:policy/webhostingEC2policy",
            "user": "Tech"
          },
          "sensitive_attributes": [],
          "private": "bnVsbA==",
          "dependencies": [
            "aws_iam_policy.techUserPolicyEc2",
            "aws_iam_user.techUser"
          ]
        }
      ]
    },
    {
      "mode": "managed",
      "type": "aws_iam_user_policy_attachment",
      "name": "techUserPolicyLbAttachment",
      "provider": "provider[\"registry.terraform.io/hashicorp/aws\"]",
      "instances": [
        {
          "schema_version": 0,
          "attributes": {
            "id": "Tech-20230504102559110500000001",
            "policy_arn": "arn:aws:iam::485262169256:policy/webhostinglbpolicy",
            "user": "Tech"
          },
          "sensitive_attributes": [],
          "private": "bnVsbA==",
          "dependencies": [
            "aws_iam_policy.techUserPolicyLb",
            "aws_iam_user.techUser"
          ]
        }
      ]
    },
    {
      "mode": "managed",
      "type": "aws_instance",
      "name": "hostVMAmazon",
      "provider": "provider[\"registry.terraform.io/hashicorp/aws\"]",
      "instances": [
        {
          "schema_version": 1,
          "attributes": {
            "ami": "ami-02396cdd13e9a1257",
            "arn": "arn:aws:ec2:us-east-1:485262169256:instance/i-0dd9e3a5398f422e7",
            "associate_public_ip_address": true,
            "availability_zone": "us-east-1c",
            "capacity_reservation_specification": [
              {
                "capacity_reservation_preference": "open",
                "capacity_reservation_target": []
              }
            ],
            "cpu_core_count": 1,
            "cpu_threads_per_core": 1,
            "credit_specification": [
              {
                "cpu_credits": "standard"
              }
            ],
            "disable_api_stop": false,
            "disable_api_termination": false,
            "ebs_block_device": [],
            "ebs_optimized": false,
            "enclave_options": [
              {
                "enabled": false
              }
            ],
            "ephemeral_block_device": [],
            "get_password_data": false,
            "hibernation": false,
            "host_id": "",
            "host_resource_group_arn": null,
            "iam_instance_profile": "",
            "id": "i-0dd9e3a5398f422e7",
            "instance_initiated_shutdown_behavior": "stop",
            "instance_state": "running",
            "instance_type": "t2.micro",
            "ipv6_address_count": 0,
            "ipv6_addresses": [],
            "key_name": "project1keypair",
            "launch_template": [],
            "maintenance_options": [
              {
                "auto_recovery": "default"
              }
            ],
            "metadata_options": [
              {
                "http_endpoint": "enabled",
                "http_put_response_hop_limit": 2,
                "http_tokens": "required",
                "instance_metadata_tags": "disabled"
              }
            ],
            "monitoring": false,
            "network_interface": [],
            "outpost_arn": "",
            "password_data": "",
            "placement_group": "",
            "placement_partition_number": 0,
            "primary_network_interface_id": "eni-0c22375ee66efee19",
            "private_dns": "ip-172-31-92-96.ec2.internal",
            "private_dns_name_options": [
              {
                "enable_resource_name_dns_a_record": false,
                "enable_resource_name_dns_aaaa_record": false,
                "hostname_type": "ip-name"
              }
            ],
            "private_ip": "172.31.92.96",
            "public_dns": "ec2-3-83-91-27.compute-1.amazonaws.com",
            "public_ip": "3.83.91.27",
            "root_block_device": [
              {
                "delete_on_termination": true,
                "device_name": "/dev/xvda",
                "encrypted": false,
                "iops": 3000,
                "kms_key_id": "",
                "tags": {},
                "throughput": 125,
                "volume_id": "vol-077b8f601d82da86b",
                "volume_size": 8,
                "volume_type": "gp3"
              }
            ],
            "secondary_private_ips": [],
            "security_groups": [
              "hostingVMSecGroup"
            ],
            "source_dest_check": true,
            "subnet_id": "subnet-0f7eca0f4793e210b",
            "tags": {
              "Name": "hostVM-Amazon"
            },
            "tags_all": {
              "Name": "hostVM-Amazon"
            },
            "tenancy": "default",
            "timeouts": null,
            "user_data": null,
            "user_data_base64": null,
            "user_data_replace_on_change": false,
            "volume_tags": null,
            "vpc_security_group_ids": [
              "sg-01d078f93bc8dd11d"
            ]
          },
          "sensitive_attributes": [],
          "private": "eyJlMmJmYjczMC1lY2FhLTExZTYtOGY4OC0zNDM2M2JjN2M0YzAiOnsiY3JlYXRlIjo2MDAwMDAwMDAwMDAsImRlbGV0ZSI6MTIwMDAwMDAwMDAwMCwidXBkYXRlIjo2MDAwMDAwMDAwMDB9LCJzY2hlbWFfdmVyc2lvbiI6IjEifQ==",
          "dependencies": [
            "aws_key_pair.project1KeyPair",
            "aws_security_group.hostingVMSecGroup"
          ]
        }
      ]
    },
    {
      "mode": "managed",
      "type": "aws_instance",
      "name": "hostVMUbuntu",
      "provider": "provider[\"registry.terraform.io/hashicorp/aws\"]",
      "instances": [
        {
          "schema_version": 1,
          "attributes": {
            "ami": "ami-007855ac798b5175e",
            "arn": "arn:aws:ec2:us-east-1:485262169256:instance/i-0c8352dd30cdeab26",
            "associate_public_ip_address": true,
            "availability_zone": "us-east-1c",
            "capacity_reservation_specification": [
              {
                "capacity_reservation_preference": "open",
                "capacity_reservation_target": []
              }
            ],
            "cpu_core_count": 1,
            "cpu_threads_per_core": 1,
            "credit_specification": [
              {
                "cpu_credits": "standard"
              }
            ],
            "disable_api_stop": false,
            "disable_api_termination": false,
            "ebs_block_device": [],
            "ebs_optimized": false,
            "enclave_options": [
              {
                "enabled": false
              }
            ],
            "ephemeral_block_device": [],
            "get_password_data": false,
            "hibernation": false,
            "host_id": "",
            "host_resource_group_arn": null,
            "iam_instance_profile": "",
            "id": "i-0c8352dd30cdeab26",
            "instance_initiated_shutdown_behavior": "stop",
            "instance_state": "running",
            "instance_type": "t2.micro",
            "ipv6_address_count": 0,
            "ipv6_addresses": [],
            "key_name": "project1keypair",
            "launch_template": [],
            "maintenance_options": [
              {
                "auto_recovery": "default"
              }
            ],
            "metadata_options": [
              {
                "http_endpoint": "enabled",
                "http_put_response_hop_limit": 1,
                "http_tokens": "optional",
                "instance_metadata_tags": "disabled"
              }
            ],
            "monitoring": false,
            "network_interface": [],
            "outpost_arn": "",
            "password_data": "",
            "placement_group": "",
            "placement_partition_number": 0,
            "primary_network_interface_id": "eni-0f313d78af00c8592",
            "private_dns": "ip-172-31-92-233.ec2.internal",
            "private_dns_name_options": [
              {
                "enable_resource_name_dns_a_record": false,
                "enable_resource_name_dns_aaaa_record": false,
                "hostname_type": "ip-name"
              }
            ],
            "private_ip": "172.31.92.233",
            "public_dns": "ec2-18-234-163-134.compute-1.amazonaws.com",
            "public_ip": "18.234.163.134",
            "root_block_device": [
              {
                "delete_on_termination": true,
                "device_name": "/dev/sda1",
                "encrypted": false,
                "iops": 100,
                "kms_key_id": "",
                "tags": {},
                "throughput": 0,
                "volume_id": "vol-08596411cc6a658ba",
                "volume_size": 8,
                "volume_type": "gp2"
              }
            ],
            "secondary_private_ips": [],
            "security_groups": [
              "hostingVMSecGroup"
            ],
            "source_dest_check": true,
            "subnet_id": "subnet-0f7eca0f4793e210b",
            "tags": {
              "Name": "hostVM-Ubuntu"
            },
            "tags_all": {
              "Name": "hostVM-Ubuntu"
            },
            "tenancy": "default",
            "timeouts": null,
            "user_data": null,
            "user_data_base64": null,
            "user_data_replace_on_change": false,
            "volume_tags": null,
            "vpc_security_group_ids": [
              "sg-01d078f93bc8dd11d"
            ]
          },
          "sensitive_attributes": [],
          "private": "eyJlMmJmYjczMC1lY2FhLTExZTYtOGY4OC0zNDM2M2JjN2M0YzAiOnsiY3JlYXRlIjo2MDAwMDAwMDAwMDAsImRlbGV0ZSI6MTIwMDAwMDAwMDAwMCwidXBkYXRlIjo2MDAwMDAwMDAwMDB9LCJzY2hlbWFfdmVyc2lvbiI6IjEifQ==",
          "dependencies": [
            "aws_key_pair.project1KeyPair",
            "aws_security_group.hostingVMSecGroup"
          ]
        }
      ]
    },
    {
      "mode": "managed",
      "type": "aws_key_pair",
      "name": "project1KeyPair",
      "provider": "provider[\"registry.terraform.io/hashicorp/aws\"]",
      "instances": [
        {
          "schema_version": 1,
          "attributes": {
            "arn": "arn:aws:ec2:us-east-1:485262169256:key-pair/project1keypair",
            "fingerprint": "25:55:06:a6:d6:39:a8:cd:23:40:9f:c7:d4:fc:b2:5d",
            "id": "project1keypair",
            "key_name": "project1keypair",
            "key_name_prefix": "",
            "key_pair_id": "key-0f6e60d58fbe347f0",
            "key_type": "rsa",
            "public_key": "ssh-rsa AAAAB3NzaC1yc2EAAAADAQABAAABgQDEJ9gnLaFbu8N7zOhGhc2p5fY8haF8UjsveGbzVG+wqimVqTQMKuIa6BzoTb/mYyF6lbL3eTHll6LvVCZsaDwQU5FXUNyxTujZNDgRkS1KvZGSOyFAd5M5iCBl73O9mcbppaBfMV8cSMJrYuZpjmkMkAe/3vHsmllhl4OJmAKL1QBhqODiASjZAcuB64fAWRQFF/9USHtUqkJZpAp97oZFtd1vz+COGMUoDwXRlO5uYHt9ywEYNlyxCyt8Gp394ZrjFXpoqN9lJ8IF/8KttWgKsp/5u8EYcmnzVI0/unr0HRjoVbmte6dA+3J063YVEpOBTWGkJR9gjTIioE4x28M+pkl88ACTB9p93nOK3RNjvORiRmtaAx8aiKGagPjZkUtf38uEAI05MJxEUS7gYiVK66yvUsKuQPTYaxd6KmdjEMSBHC2cX+qBY5XAeYFkrmNQX2RVPWEQU2IIrZahzr7JFm9eroMzDAveTprmoMGuarEb1VzqFMGVyoWKLzki5Kc= Aryan@LAPTOP-IHPIPKGG",
            "tags": null,
            "tags_all": {}
          },
          "sensitive_attributes": [],
          "private": "eyJzY2hlbWFfdmVyc2lvbiI6IjEifQ=="
        }
      ]
    },
    {
      "mode": "managed",
      "type": "aws_security_group",
      "name": "hostingVMSecGroup",
      "provider": "provider[\"registry.terraform.io/hashicorp/aws\"]",
      "instances": [
        {
          "schema_version": 1,
          "attributes": {
            "arn": "arn:aws:ec2:us-east-1:485262169256:security-group/sg-01d078f93bc8dd11d",
            "description": "Managed by Terraform",
            "egress": [],
            "id": "sg-01d078f93bc8dd11d",
            "ingress": [],
            "name": "hostingVMSecGroup",
            "name_prefix": "",
            "owner_id": "485262169256",
            "revoke_rules_on_delete": false,
            "tags": null,
            "tags_all": {},
            "timeouts": null,
            "vpc_id": "vpc-081f619fb746eaf9e"
          },
          "sensitive_attributes": [],
          "private": "eyJlMmJmYjczMC1lY2FhLTExZTYtOGY4OC0zNDM2M2JjN2M0YzAiOnsiY3JlYXRlIjo2MDAwMDAwMDAwMDAsImRlbGV0ZSI6OTAwMDAwMDAwMDAwfSwic2NoZW1hX3ZlcnNpb24iOiIxIn0="
        }
      ]
    },
    {
      "mode": "managed",
      "type": "aws_vpc_security_group_egress_rule",
      "name": "webHostingOutboundRule",
      "provider": "provider[\"registry.terraform.io/hashicorp/aws\"]",
      "instances": [
        {
          "schema_version": 0,
          "attributes": {
            "arn": "arn:aws:ec2:us-east-1:485262169256:security-group-rule/sgr-0e470e8e643e055f2",
            "cidr_ipv4": "0.0.0.0/0",
            "cidr_ipv6": null,
            "description": null,
            "from_port": 22,
            "id": "sgr-0e470e8e643e055f2",
            "ip_protocol": "tcp",
            "prefix_list_id": null,
            "referenced_security_group_id": null,
            "security_group_id": "sg-01d078f93bc8dd11d",
            "security_group_rule_id": "sgr-0e470e8e643e055f2",
            "tags": null,
            "tags_all": {},
            "to_port": 443
          },
          "sensitive_attributes": [],
          "dependencies": [
            "aws_security_group.hostingVMSecGroup"
          ]
        }
      ]
    },
    {
      "mode": "managed",
      "type": "aws_vpc_security_group_ingress_rule",
      "name": "webHostingSSHRule",
      "provider": "provider[\"registry.terraform.io/hashicorp/aws\"]",
      "instances": [
        {
          "schema_version": 0,
          "attributes": {
            "arn": "arn:aws:ec2:us-east-1:485262169256:security-group-rule/sgr-061448fc728b304e4",
            "cidr_ipv4": "0.0.0.0/0",
            "cidr_ipv6": null,
            "description": null,
            "from_port": 22,
            "id": "sgr-061448fc728b304e4",
            "ip_protocol": "tcp",
            "prefix_list_id": null,
            "referenced_security_group_id": null,
            "security_group_id": "sg-01d078f93bc8dd11d",
            "security_group_rule_id": "sgr-061448fc728b304e4",
            "tags": null,
            "tags_all": {},
            "to_port": 22
          },
          "sensitive_attributes": [],
          "dependencies": [
            "aws_security_group.hostingVMSecGroup"
          ]
        }
      ]
    },
    {
      "mode": "managed",
      "type": "aws_vpc_security_group_ingress_rule",
      "name": "webHostingSecRule",
      "provider": "provider[\"registry.terraform.io/hashicorp/aws\"]",
      "instances": [
        {
          "schema_version": 0,
          "attributes": {
            "arn": "arn:aws:ec2:us-east-1:485262169256:security-group-rule/sgr-06332b8bcc5c45de3",
            "cidr_ipv4": "0.0.0.0/0",
            "cidr_ipv6": null,
            "description": null,
            "from_port": 80,
            "id": "sgr-06332b8bcc5c45de3",
            "ip_protocol": "tcp",
            "prefix_list_id": null,
            "referenced_security_group_id": null,
            "security_group_id": "sg-01d078f93bc8dd11d",
            "security_group_rule_id": "sgr-06332b8bcc5c45de3",
            "tags": null,
            "tags_all": {},
            "to_port": 80
          },
          "sensitive_attributes": [],
          "dependencies": [
            "aws_security_group.hostingVMSecGroup"
          ]
        }
      ]
    },
    {
      "mode": "managed",
      "type": "aws_vpc_security_group_ingress_rule",
      "name": "webHostingSecRuleHTTPS",
      "provider": "provider[\"registry.terraform.io/hashicorp/aws\"]",
      "instances": [
        {
          "schema_version": 0,
          "attributes": {
            "arn": "arn:aws:ec2:us-east-1:485262169256:security-group-rule/sgr-0b0f3a412e0d0598d",
            "cidr_ipv4": "0.0.0.0/0",
            "cidr_ipv6": null,
            "description": null,
            "from_port": 443,
            "id": "sgr-0b0f3a412e0d0598d",
            "ip_protocol": "tcp",
            "prefix_list_id": null,
            "referenced_security_group_id": null,
            "security_group_id": "sg-01d078f93bc8dd11d",
            "security_group_rule_id": "sgr-0b0f3a412e0d0598d",
            "tags": null,
            "tags_all": {},
            "to_port": 443
          },
          "sensitive_attributes": [],
          "dependencies": [
            "aws_security_group.hostingVMSecGroup"
          ]
        }
      ]
    }
  ],
  "check_results": null
}
